{
  "version": 4,
  "terraform_version": "0.14.5",
  "serial": 36,
  "lineage": "ea6e2637-277f-20c3-75f6-fdcf97f001c3",
  "outputs": {
    "ip": {
      "value": "18.210.19.102",
      "type": "string"
    }
  },
  "resources": [
    {
      "mode": "managed",
      "type": "aws_instance",
      "name": "web",
      "provider": "provider[\"registry.terraform.io/hashicorp/aws\"]",
      "instances": [
        {
          "schema_version": 1,
          "attributes": {
            "ami": "ami-0885b1f6bd170450c",
            "arn": "arn:aws:ec2:us-east-1:904489333395:instance/i-07335789fea05da8b",
            "associate_public_ip_address": true,
            "availability_zone": "us-east-1e",
            "cpu_core_count": 1,
            "cpu_threads_per_core": 1,
            "credit_specification": [
              {
                "cpu_credits": "standard"
              }
            ],
            "disable_api_termination": false,
            "ebs_block_device": [],
            "ebs_optimized": false,
            "enclave_options": [
              {
                "enabled": false
              }
            ],
            "ephemeral_block_device": [],
            "get_password_data": false,
            "hibernation": false,
            "host_id": null,
            "iam_instance_profile": "",
            "id": "i-07335789fea05da8b",
            "instance_initiated_shutdown_behavior": null,
            "instance_state": "running",
            "instance_type": "t2.micro",
            "ipv6_address_count": 0,
            "ipv6_addresses": [],
            "key_name": "mykey",
            "metadata_options": [
              {
                "http_endpoint": "enabled",
                "http_put_response_hop_limit": 1,
                "http_tokens": "optional"
              }
            ],
            "monitoring": false,
            "network_interface": [],
            "outpost_arn": "",
            "password_data": "",
            "placement_group": "",
            "primary_network_interface_id": "eni-0f105fada6ee042e4",
            "private_dns": "ip-172-31-59-233.ec2.internal",
            "private_ip": "172.31.59.233",
            "public_dns": "ec2-18-210-19-102.compute-1.amazonaws.com",
            "public_ip": "18.210.19.102",
            "root_block_device": [
              {
                "delete_on_termination": true,
                "device_name": "/dev/sda1",
                "encrypted": false,
                "iops": 100,
                "kms_key_id": "",
                "tags": {},
                "throughput": 0,
                "volume_id": "vol-08965935899297759",
                "volume_size": 8,
                "volume_type": "gp2"
              }
            ],
            "secondary_private_ips": [],
            "security_groups": [
              "default"
            ],
            "source_dest_check": true,
            "subnet_id": "subnet-66dec158",
            "tags": {
              "Name": "HelloTerraform"
            },
            "tenancy": "default",
            "timeouts": null,
            "user_data": null,
            "user_data_base64": null,
            "volume_tags": null,
            "vpc_security_group_ids": [
              "sg-34b10e10"
            ]
          },
          "sensitive_attributes": [],
          "private": "eyJlMmJmYjczMC1lY2FhLTExZTYtOGY4OC0zNDM2M2JjN2M0YzAiOnsiY3JlYXRlIjo2MDAwMDAwMDAwMDAsImRlbGV0ZSI6MTIwMDAwMDAwMDAwMCwidXBkYXRlIjo2MDAwMDAwMDAwMDB9LCJzY2hlbWFfdmVyc2lvbiI6IjEifQ==",
          "dependencies": [
            "aws_key_pair.mykey"
          ]
        }
      ]
    },
    {
      "mode": "managed",
      "type": "aws_key_pair",
      "name": "mykey",
      "provider": "provider[\"registry.terraform.io/hashicorp/aws\"]",
      "instances": [
        {
          "schema_version": 1,
          "attributes": {
            "arn": "arn:aws:ec2:us-east-1:904489333395:key-pair/mykey",
            "fingerprint": "e3:ab:2d:16:ff:31:e2:09:58:45:b1:fe:0d:2c:27:ea",
            "id": "mykey",
            "key_name": "mykey",
            "key_name_prefix": null,
            "key_pair_id": "key-0cbd645e4903ff913",
            "public_key": "ssh-rsa AAAAB3NzaC1yc2EAAAADAQABAAABgQCmv39sE6siZHvxEKlAzXfBAvIgQ+OnL8evDwqftSUbVvcJOJP7bZLmUzlG5+zHDMrGOal8PmJ3Ywt/ya4t2Y/qHzepx2DzJEwGqUuJ33af4EVUkR4DLMiw2B29Hdk04VtMotMWDxqTw8SkXNqTqRFSa0GWLbbzHFlXSbVY1A00n2mf1LtvkjFexl7YvG+/Ks8ooMj8wlqH0AzQaOl7M7muZ70ohXIw528q+4TRcUU6Q9foP0ZJgIUt6xQJvDNxzZn64w602deqXlDIw1stiP54KTi0PC2Qw9p2mYwV9lZW0JSVoKIuN5atNPZ3SDq3KbQBwwRcxCZ/urRPTvqUNk/lV8dIkRADDvd6F/F9soJBCxDLp/x/iOJu3uxBtqSBxr1OdPRKJkgCnQ/RXDkrxEh2xlsAdA2gMzBWiAvj7XLKIlmmRVVrmAKxGneZXRq/YGUUUKUZGdgmyfLNLkBkgz1l2g8IqtxZ+Dcp8BiVoA6lSWS0uwSdGCiLgj3VkjVqEnE= hisbu@DESKTOP-4GFM9FK",
            "tags": null
          },
          "sensitive_attributes": [],
          "private": "eyJzY2hlbWFfdmVyc2lvbiI6IjEifQ=="
        }
      ]
    }
  ]
}
